Microsoft Visual Studio Solution File, Format Version 11.00
# Visual Studio 2008

Project("{75A74D80-0BA1-3569-37D5-CFE393ED0656}") = "Survival Island", "Assembly-CSharp-firstpass.csproj", "{D1A046E2-A5CF-E9C7-8F6A-1AB8262B5FA2}"
EndProject
Project("{75A74D80-0BA1-3569-37D5-CFE393ED0656}") = "Survival Island", "Assembly-CSharp.csproj", "{09FD1C4F-BC57-6FAF-F904-EE77C0275E14}"
EndProject
Project("{75A74D80-0BA1-3569-37D5-CFE393ED0656}") = "Survival Island", "Assembly-CSharp-Editor-firstpass.csproj", "{3657B6D3-627B-C6FD-1AD1-2EFCC5697456}"
EndProject
Project("{75A74D80-0BA1-3569-37D5-CFE393ED0656}") = "Survival Island", "Assembly-CSharp-Editor.csproj", "{5066D359-FAE8-FB7E-5A3D-D6EA2C14B1F0}"
EndProject
Project("{75A74D80-0BA1-3569-37D5-CFE393ED0656}") = "Survival Island", "Assembly-UnityScript-firstpass.unityproj", "{A99F979B-C040-6AA3-2792-81D10007B793}"
EndProject
Project("{75A74D80-0BA1-3569-37D5-CFE393ED0656}") = "Survival Island", "Assembly-UnityScript.unityproj", "{6A518669-3900-CA3C-C868-AAA5CC266C56}"
EndProject
Global
	GlobalSection(SolutionConfigurationPlatforms) = preSolution
		Debug|Any CPU = Debug|Any CPU
		Release|Any CPU = Release|Any CPU
	EndGlobalSection
	GlobalSection(ProjectConfigurationPlatforms) = postSolution
		{D1A046E2-A5CF-E9C7-8F6A-1AB8262B5FA2}.Debug|Any CPU.ActiveCfg = Debug|Any CPU
		{D1A046E2-A5CF-E9C7-8F6A-1AB8262B5FA2}.Debug|Any CPU.Build.0 = Debug|Any CPU
		{D1A046E2-A5CF-E9C7-8F6A-1AB8262B5FA2}.Release|Any CPU.ActiveCfg = Release|Any CPU
		{D1A046E2-A5CF-E9C7-8F6A-1AB8262B5FA2}.Release|Any CPU.Build.0 = Release|Any CPU
		{09FD1C4F-BC57-6FAF-F904-EE77C0275E14}.Debug|Any CPU.ActiveCfg = Debug|Any CPU
		{09FD1C4F-BC57-6FAF-F904-EE77C0275E14}.Debug|Any CPU.Build.0 = Debug|Any CPU
		{09FD1C4F-BC57-6FAF-F904-EE77C0275E14}.Release|Any CPU.ActiveCfg = Release|Any CPU
		{09FD1C4F-BC57-6FAF-F904-EE77C0275E14}.Release|Any CPU.Build.0 = Release|Any CPU
		{3657B6D3-627B-C6FD-1AD1-2EFCC5697456}.Debug|Any CPU.ActiveCfg = Debug|Any CPU
		{3657B6D3-627B-C6FD-1AD1-2EFCC5697456}.Debug|Any CPU.Build.0 = Debug|Any CPU
		{3657B6D3-627B-C6FD-1AD1-2EFCC5697456}.Release|Any CPU.ActiveCfg = Release|Any CPU
		{3657B6D3-627B-C6FD-1AD1-2EFCC5697456}.Release|Any CPU.Build.0 = Release|Any CPU
		{5066D359-FAE8-FB7E-5A3D-D6EA2C14B1F0}.Debug|Any CPU.ActiveCfg = Debug|Any CPU
		{5066D359-FAE8-FB7E-5A3D-D6EA2C14B1F0}.Debug|Any CPU.Build.0 = Debug|Any CPU
		{5066D359-FAE8-FB7E-5A3D-D6EA2C14B1F0}.Release|Any CPU.ActiveCfg = Release|Any CPU
		{5066D359-FAE8-FB7E-5A3D-D6EA2C14B1F0}.Release|Any CPU.Build.0 = Release|Any CPU
		{A99F979B-C040-6AA3-2792-81D10007B793}.Debug|Any CPU.ActiveCfg = Debug|Any CPU
		{A99F979B-C040-6AA3-2792-81D10007B793}.Debug|Any CPU.Build.0 = Debug|Any CPU
		{A99F979B-C040-6AA3-2792-81D10007B793}.Release|Any CPU.ActiveCfg = Release|Any CPU
		{A99F979B-C040-6AA3-2792-81D10007B793}.Release|Any CPU.Build.0 = Release|Any CPU
		{6A518669-3900-CA3C-C868-AAA5CC266C56}.Debug|Any CPU.ActiveCfg = Debug|Any CPU
		{6A518669-3900-CA3C-C868-AAA5CC266C56}.Debug|Any CPU.Build.0 = Debug|Any CPU
		{6A518669-3900-CA3C-C868-AAA5CC266C56}.Release|Any CPU.ActiveCfg = Release|Any CPU
		{6A518669-3900-CA3C-C868-AAA5CC266C56}.Release|Any CPU.Build.0 = Release|Any CPU
	EndGlobalSection
	GlobalSection(SolutionProperties) = preSolution
		HideSolutionNode = FALSE
	EndGlobalSection
	GlobalSection(MonoDevelopProperties) = preSolution
		StartupItem = Assembly-CSharp.csproj
	EndGlobalSection
EndGlobal
